
Microsoft Visual Studio Solution File, Format Version 12.00
# Visual Studio 2013
VisualStudioVersion = 12.0.40629.0
MinimumVisualStudioVersion = 10.0.40219.1
Project("{FAE04EC0-301F-11D3-BF4B-00C04F79EFBC}") = "usmanrv.mvc", "usmanrv.mvc\usmanrv.mvc.csproj", "{B08B18FD-C5F1-44B7-A316-EA92CF75032F}"
EndProject
Project("{FAE04EC0-301F-11D3-BF4B-00C04F79EFBC}") = "usmanrv.mvc.Tests", "usmanrv.mvc.Tests\usmanrv.mvc.Tests.csproj", "{7D7D3A67-DAFD-4F25-859B-EC85FB62F563}"
EndProject
Project("{FAE04EC0-301F-11D3-BF4B-00C04F79EFBC}") = "usmanrv.mvc.Domain", "Domain\usmanrv.mvc.Domain.csproj", "{ADF47FA7-70FB-4B51-9780-78B16B0F5CCF}"
EndProject
Global
	GlobalSection(SolutionConfigurationPlatforms) = preSolution
		Debug|Any CPU = Debug|Any CPU
		Release|Any CPU = Release|Any CPU
	EndGlobalSection
	GlobalSection(ProjectConfigurationPlatforms) = postSolution
		{B08B18FD-C5F1-44B7-A316-EA92CF75032F}.Debug|Any CPU.ActiveCfg = Debug|Any CPU
		{B08B18FD-C5F1-44B7-A316-EA92CF75032F}.Debug|Any CPU.Build.0 = Debug|Any CPU
		{B08B18FD-C5F1-44B7-A316-EA92CF75032F}.Release|Any CPU.ActiveCfg = Release|Any CPU
		{B08B18FD-C5F1-44B7-A316-EA92CF75032F}.Release|Any CPU.Build.0 = Release|Any CPU
		{7D7D3A67-DAFD-4F25-859B-EC85FB62F563}.Debug|Any CPU.ActiveCfg = Debug|Any CPU
		{7D7D3A67-DAFD-4F25-859B-EC85FB62F563}.Debug|Any CPU.Build.0 = Debug|Any CPU
		{7D7D3A67-DAFD-4F25-859B-EC85FB62F563}.Release|Any CPU.ActiveCfg = Release|Any CPU
		{7D7D3A67-DAFD-4F25-859B-EC85FB62F563}.Release|Any CPU.Build.0 = Release|Any CPU
		{ADF47FA7-70FB-4B51-9780-78B16B0F5CCF}.Debug|Any CPU.ActiveCfg = Debug|Any CPU
		{ADF47FA7-70FB-4B51-9780-78B16B0F5CCF}.Debug|Any CPU.Build.0 = Debug|Any CPU
		{ADF47FA7-70FB-4B51-9780-78B16B0F5CCF}.Release|Any CPU.ActiveCfg = Release|Any CPU
		{ADF47FA7-70FB-4B51-9780-78B16B0F5CCF}.Release|Any CPU.Build.0 = Release|Any CPU
	EndGlobalSection
	GlobalSection(SolutionProperties) = preSolution
		HideSolutionNode = FALSE
	EndGlobalSection
EndGlobal
